
Microsoft Visual Studio Solution File, Format Version 12.00
# Visual Studio Version 17
VisualStudioVersion = 17.6.33829.357
MinimumVisualStudioVersion = 10.0.40219.1
Project("{FAE04EC0-301F-11D3-BF4B-00C04F79EFBC}") = "Models", "Models\Models.csproj", "{3C30F499-FF9C-4BED-B723-E66A5C3C81F9}"
EndProject
Project("{FAE04EC0-301F-11D3-BF4B-00C04F79EFBC}") = "Academia.WebApi", "Academia.WebApi\Academia.WebApi.csproj", "{6E214C58-50E5-4D44-9812-76BF4D480FDF}"
EndProject
Global
	GlobalSection(SolutionConfigurationPlatforms) = preSolution
		Debug|Any CPU = Debug|Any CPU
		Release|Any CPU = Release|Any CPU
	EndGlobalSection
	GlobalSection(ProjectConfigurationPlatforms) = postSolution
		{3C30F499-FF9C-4BED-B723-E66A5C3C81F9}.Debug|Any CPU.ActiveCfg = Debug|Any CPU
		{3C30F499-FF9C-4BED-B723-E66A5C3C81F9}.Debug|Any CPU.Build.0 = Debug|Any CPU
		{3C30F499-FF9C-4BED-B723-E66A5C3C81F9}.Release|Any CPU.ActiveCfg = Release|Any CPU
		{3C30F499-FF9C-4BED-B723-E66A5C3C81F9}.Release|Any CPU.Build.0 = Release|Any CPU
		{6E214C58-50E5-4D44-9812-76BF4D480FDF}.Debug|Any CPU.ActiveCfg = Debug|Any CPU
		{6E214C58-50E5-4D44-9812-76BF4D480FDF}.Debug|Any CPU.Build.0 = Debug|Any CPU
		{6E214C58-50E5-4D44-9812-76BF4D480FDF}.Release|Any CPU.ActiveCfg = Release|Any CPU
		{6E214C58-50E5-4D44-9812-76BF4D480FDF}.Release|Any CPU.Build.0 = Release|Any CPU
	EndGlobalSection
	GlobalSection(SolutionProperties) = preSolution
		HideSolutionNode = FALSE
	EndGlobalSection
	GlobalSection(ExtensibilityGlobals) = postSolution
		SolutionGuid = {8A4B6E9F-26C9-45DD-9095-DF815C0EDD82}
	EndGlobalSection
EndGlobal
